
Microsoft Visual Studio Solution File, Format Version 12.00
# Visual Studio Version 17
VisualStudioVersion = 17.14.36518.9
MinimumVisualStudioVersion = 10.0.40219.1
Project("{FAE04EC0-301F-11D3-BF4B-00C04F79EFBC}") = "RealEstateAnalytics.Core", "src\RealEstateAnalytics.Core\RealEstateAnalytics.Core.csproj", "{FBA913F8-1772-43CC-AD89-133981EDE2AE}"
EndProject
Project("{FAE04EC0-301F-11D3-BF4B-00C04F79EFBC}") = "RealEstateAnalytics.DataProvider", "src\RealEstateAnalytics.DataProvider\RealEstateAnalytics.DataProvider.csproj", "{1A2935F7-7CF5-4B14-BC8D-4552F5EE2098}"
EndProject
Project("{FAE04EC0-301F-11D3-BF4B-00C04F79EFBC}") = "RealEstateAnalytics.Service", "src\RealEstateAnalytics.Service\RealEstateAnalytics.Service.csproj", "{2786F7CD-9E2E-4491-BA20-6C200BF85A9D}"
EndProject
Project("{FAE04EC0-301F-11D3-BF4B-00C04F79EFBC}") = "RealEstateAnalytics.DataProvider.Tests", "src\RealEstateAnalytics.DataProvider.Tests\RealEstateAnalytics.DataProvider.Tests.csproj", "{F931DD69-704B-4255-844A-584A2718866A}"
EndProject
Project("{2150E333-8FDC-42A3-9474-1A3956D46DE8}") = "src", "src", "{827E0CD3-B72D-47B6-A68D-7590B98EB39B}"
EndProject
Project("{FAE04EC0-301F-11D3-BF4B-00C04F79EFBC}") = "RealEstateAnalytics.Console", "src\RealEstateAnalytics.Console\RealEstateAnalytics.Console.csproj", "{864D449B-B6B1-4057-A781-CECF836E5507}"
EndProject
Project("{FAE04EC0-301F-11D3-BF4B-00C04F79EFBC}") = "RealEstateAnalytics.Service.Tests", "src\RealEstateAnalytics.Service.Tests\RealEstateAnalytics.Service.Tests.csproj", "{8201E59F-C430-4059-825C-9B173D6461A3}"
EndProject
Global
	GlobalSection(SolutionConfigurationPlatforms) = preSolution
		Debug|Any CPU = Debug|Any CPU
		Debug|x64 = Debug|x64
		Debug|x86 = Debug|x86
		Release|Any CPU = Release|Any CPU
		Release|x64 = Release|x64
		Release|x86 = Release|x86
	EndGlobalSection
	GlobalSection(ProjectConfigurationPlatforms) = postSolution
		{FBA913F8-1772-43CC-AD89-133981EDE2AE}.Debug|Any CPU.ActiveCfg = Debug|Any CPU
		{FBA913F8-1772-43CC-AD89-133981EDE2AE}.Debug|Any CPU.Build.0 = Debug|Any CPU
		{FBA913F8-1772-43CC-AD89-133981EDE2AE}.Debug|x64.ActiveCfg = Debug|Any CPU
		{FBA913F8-1772-43CC-AD89-133981EDE2AE}.Debug|x64.Build.0 = Debug|Any CPU
		{FBA913F8-1772-43CC-AD89-133981EDE2AE}.Debug|x86.ActiveCfg = Debug|Any CPU
		{FBA913F8-1772-43CC-AD89-133981EDE2AE}.Debug|x86.Build.0 = Debug|Any CPU
		{FBA913F8-1772-43CC-AD89-133981EDE2AE}.Release|Any CPU.ActiveCfg = Release|Any CPU
		{FBA913F8-1772-43CC-AD89-133981EDE2AE}.Release|Any CPU.Build.0 = Release|Any CPU
		{FBA913F8-1772-43CC-AD89-133981EDE2AE}.Release|x64.ActiveCfg = Release|Any CPU
		{FBA913F8-1772-43CC-AD89-133981EDE2AE}.Release|x64.Build.0 = Release|Any CPU
		{FBA913F8-1772-43CC-AD89-133981EDE2AE}.Release|x86.ActiveCfg = Release|Any CPU
		{FBA913F8-1772-43CC-AD89-133981EDE2AE}.Release|x86.Build.0 = Release|Any CPU
		{1A2935F7-7CF5-4B14-BC8D-4552F5EE2098}.Debug|Any CPU.ActiveCfg = Debug|Any CPU
		{1A2935F7-7CF5-4B14-BC8D-4552F5EE2098}.Debug|Any CPU.Build.0 = Debug|Any CPU
		{1A2935F7-7CF5-4B14-BC8D-4552F5EE2098}.Debug|x64.ActiveCfg = Debug|Any CPU
		{1A2935F7-7CF5-4B14-BC8D-4552F5EE2098}.Debug|x64.Build.0 = Debug|Any CPU
		{1A2935F7-7CF5-4B14-BC8D-4552F5EE2098}.Debug|x86.ActiveCfg = Debug|Any CPU
		{1A2935F7-7CF5-4B14-BC8D-4552F5EE2098}.Debug|x86.Build.0 = Debug|Any CPU
		{1A2935F7-7CF5-4B14-BC8D-4552F5EE2098}.Release|Any CPU.ActiveCfg = Release|Any CPU
		{1A2935F7-7CF5-4B14-BC8D-4552F5EE2098}.Release|Any CPU.Build.0 = Release|Any CPU
		{1A2935F7-7CF5-4B14-BC8D-4552F5EE2098}.Release|x64.ActiveCfg = Release|Any CPU
		{1A2935F7-7CF5-4B14-BC8D-4552F5EE2098}.Release|x64.Build.0 = Release|Any CPU
		{1A2935F7-7CF5-4B14-BC8D-4552F5EE2098}.Release|x86.ActiveCfg = Release|Any CPU
		{1A2935F7-7CF5-4B14-BC8D-4552F5EE2098}.Release|x86.Build.0 = Release|Any CPU
		{2786F7CD-9E2E-4491-BA20-6C200BF85A9D}.Debug|Any CPU.ActiveCfg = Debug|Any CPU
		{2786F7CD-9E2E-4491-BA20-6C200BF85A9D}.Debug|Any CPU.Build.0 = Debug|Any CPU
		{2786F7CD-9E2E-4491-BA20-6C200BF85A9D}.Debug|x64.ActiveCfg = Debug|Any CPU
		{2786F7CD-9E2E-4491-BA20-6C200BF85A9D}.Debug|x64.Build.0 = Debug|Any CPU
		{2786F7CD-9E2E-4491-BA20-6C200BF85A9D}.Debug|x86.ActiveCfg = Debug|Any CPU
		{2786F7CD-9E2E-4491-BA20-6C200BF85A9D}.Debug|x86.Build.0 = Debug|Any CPU
		{2786F7CD-9E2E-4491-BA20-6C200BF85A9D}.Release|Any CPU.ActiveCfg = Release|Any CPU
		{2786F7CD-9E2E-4491-BA20-6C200BF85A9D}.Release|Any CPU.Build.0 = Release|Any CPU
		{2786F7CD-9E2E-4491-BA20-6C200BF85A9D}.Release|x64.ActiveCfg = Release|Any CPU
		{2786F7CD-9E2E-4491-BA20-6C200BF85A9D}.Release|x64.Build.0 = Release|Any CPU
		{2786F7CD-9E2E-4491-BA20-6C200BF85A9D}.Release|x86.ActiveCfg = Release|Any CPU
		{2786F7CD-9E2E-4491-BA20-6C200BF85A9D}.Release|x86.Build.0 = Release|Any CPU
		{F931DD69-704B-4255-844A-584A2718866A}.Debug|Any CPU.ActiveCfg = Debug|Any CPU
		{F931DD69-704B-4255-844A-584A2718866A}.Debug|Any CPU.Build.0 = Debug|Any CPU
		{F931DD69-704B-4255-844A-584A2718866A}.Debug|x64.ActiveCfg = Debug|Any CPU
		{F931DD69-704B-4255-844A-584A2718866A}.Debug|x64.Build.0 = Debug|Any CPU
		{F931DD69-704B-4255-844A-584A2718866A}.Debug|x86.ActiveCfg = Debug|Any CPU
		{F931DD69-704B-4255-844A-584A2718866A}.Debug|x86.Build.0 = Debug|Any CPU
		{F931DD69-704B-4255-844A-584A2718866A}.Release|Any CPU.ActiveCfg = Release|Any CPU
		{F931DD69-704B-4255-844A-584A2718866A}.Release|Any CPU.Build.0 = Release|Any CPU
		{F931DD69-704B-4255-844A-584A2718866A}.Release|x64.ActiveCfg = Release|Any CPU
		{F931DD69-704B-4255-844A-584A2718866A}.Release|x64.Build.0 = Release|Any CPU
		{F931DD69-704B-4255-844A-584A2718866A}.Release|x86.ActiveCfg = Release|Any CPU
		{F931DD69-704B-4255-844A-584A2718866A}.Release|x86.Build.0 = Release|Any CPU
		{864D449B-B6B1-4057-A781-CECF836E5507}.Debug|Any CPU.ActiveCfg = Debug|Any CPU
		{864D449B-B6B1-4057-A781-CECF836E5507}.Debug|Any CPU.Build.0 = Debug|Any CPU
		{864D449B-B6B1-4057-A781-CECF836E5507}.Debug|x64.ActiveCfg = Debug|Any CPU
		{864D449B-B6B1-4057-A781-CECF836E5507}.Debug|x64.Build.0 = Debug|Any CPU
		{864D449B-B6B1-4057-A781-CECF836E5507}.Debug|x86.ActiveCfg = Debug|Any CPU
		{864D449B-B6B1-4057-A781-CECF836E5507}.Debug|x86.Build.0 = Debug|Any CPU
		{864D449B-B6B1-4057-A781-CECF836E5507}.Release|Any CPU.ActiveCfg = Release|Any CPU
		{864D449B-B6B1-4057-A781-CECF836E5507}.Release|Any CPU.Build.0 = Release|Any CPU
		{864D449B-B6B1-4057-A781-CECF836E5507}.Release|x64.ActiveCfg = Release|Any CPU
		{864D449B-B6B1-4057-A781-CECF836E5507}.Release|x64.Build.0 = Release|Any CPU
		{864D449B-B6B1-4057-A781-CECF836E5507}.Release|x86.ActiveCfg = Release|Any CPU
		{864D449B-B6B1-4057-A781-CECF836E5507}.Release|x86.Build.0 = Release|Any CPU
		{8201E59F-C430-4059-825C-9B173D6461A3}.Debug|Any CPU.ActiveCfg = Debug|Any CPU
		{8201E59F-C430-4059-825C-9B173D6461A3}.Debug|Any CPU.Build.0 = Debug|Any CPU
		{8201E59F-C430-4059-825C-9B173D6461A3}.Debug|x64.ActiveCfg = Debug|Any CPU
		{8201E59F-C430-4059-825C-9B173D6461A3}.Debug|x64.Build.0 = Debug|Any CPU
		{8201E59F-C430-4059-825C-9B173D6461A3}.Debug|x86.ActiveCfg = Debug|Any CPU
		{8201E59F-C430-4059-825C-9B173D6461A3}.Debug|x86.Build.0 = Debug|Any CPU
		{8201E59F-C430-4059-825C-9B173D6461A3}.Release|Any CPU.ActiveCfg = Release|Any CPU
		{8201E59F-C430-4059-825C-9B173D6461A3}.Release|Any CPU.Build.0 = Release|Any CPU
		{8201E59F-C430-4059-825C-9B173D6461A3}.Release|x64.ActiveCfg = Release|Any CPU
		{8201E59F-C430-4059-825C-9B173D6461A3}.Release|x64.Build.0 = Release|Any CPU
		{8201E59F-C430-4059-825C-9B173D6461A3}.Release|x86.ActiveCfg = Release|Any CPU
		{8201E59F-C430-4059-825C-9B173D6461A3}.Release|x86.Build.0 = Release|Any CPU
	EndGlobalSection
	GlobalSection(SolutionProperties) = preSolution
		HideSolutionNode = FALSE
	EndGlobalSection
	GlobalSection(NestedProjects) = preSolution
		{FBA913F8-1772-43CC-AD89-133981EDE2AE} = {827E0CD3-B72D-47B6-A68D-7590B98EB39B}
		{1A2935F7-7CF5-4B14-BC8D-4552F5EE2098} = {827E0CD3-B72D-47B6-A68D-7590B98EB39B}
		{2786F7CD-9E2E-4491-BA20-6C200BF85A9D} = {827E0CD3-B72D-47B6-A68D-7590B98EB39B}
		{F931DD69-704B-4255-844A-584A2718866A} = {827E0CD3-B72D-47B6-A68D-7590B98EB39B}
		{864D449B-B6B1-4057-A781-CECF836E5507} = {827E0CD3-B72D-47B6-A68D-7590B98EB39B}
		{8201E59F-C430-4059-825C-9B173D6461A3} = {827E0CD3-B72D-47B6-A68D-7590B98EB39B}
	EndGlobalSection
	GlobalSection(ExtensibilityGlobals) = postSolution
		SolutionGuid = {23315FB3-1A3F-438F-B5B7-6E0E48B82218}
	EndGlobalSection
EndGlobal
